
Microsoft Visual Studio Solution File, Format Version 12.00
# Visual Studio 14
VisualStudioVersion = 14.0.24720.0
MinimumVisualStudioVersion = 10.0.40219.1
Project("{8BC9CEB8-8B4A-11D0-8D11-00A0C91BC942}") = "luasocket-uwp", "luasocket-uwp.vcxproj", "{AAF0EB76-9D7C-47AC-8661-2CA2D6B19F30}"
EndProject
Global
	GlobalSection(SolutionConfigurationPlatforms) = preSolution
		Debug|ARM = Debug|ARM
		Debug|x64 = Debug|x64
		Debug|x86 = Debug|x86
		Release|ARM = Release|ARM
		Release|x64 = Release|x64
		Release|x86 = Release|x86
	EndGlobalSection
	GlobalSection(ProjectConfigurationPlatforms) = postSolution
		{AAF0EB76-9D7C-47AC-8661-2CA2D6B19F30}.Debug|ARM.ActiveCfg = Debug|ARM
		{AAF0EB76-9D7C-47AC-8661-2CA2D6B19F30}.Debug|ARM.Build.0 = Debug|ARM
		{AAF0EB76-9D7C-47AC-8661-2CA2D6B19F30}.Debug|x64.ActiveCfg = Debug|x64
		{AAF0EB76-9D7C-47AC-8661-2CA2D6B19F30}.Debug|x64.Build.0 = Debug|x64
		{AAF0EB76-9D7C-47AC-8661-2CA2D6B19F30}.Debug|x86.ActiveCfg = Debug|Win32
		{AAF0EB76-9D7C-47AC-8661-2CA2D6B19F30}.Debug|x86.Build.0 = Debug|Win32
		{AAF0EB76-9D7C-47AC-8661-2CA2D6B19F30}.Release|ARM.ActiveCfg = Release|ARM
		{AAF0EB76-9D7C-47AC-8661-2CA2D6B19F30}.Release|ARM.Build.0 = Release|ARM
		{AAF0EB76-9D7C-47AC-8661-2CA2D6B19F30}.Release|x64.ActiveCfg = Release|x64
		{AAF0EB76-9D7C-47AC-8661-2CA2D6B19F30}.Release|x64.Build.0 = Release|x64
		{AAF0EB76-9D7C-47AC-8661-2CA2D6B19F30}.Release|x86.ActiveCfg = Release|Win32
		{AAF0EB76-9D7C-47AC-8661-2CA2D6B19F30}.Release|x86.Build.0 = Release|Win32
	EndGlobalSection
	GlobalSection(SolutionProperties) = preSolution
		HideSolutionNode = FALSE
	EndGlobalSection
EndGlobal
